// !$*UTF8*$!
{
	archiveVersion = 1;
	classes = {
	};
	objectVersion = 50;
	objects = {

/* Begin PBXBuildFile section */
		833817922639AC18007A8B28 /* EveningReadingApp.swift in Sources */ = {isa = PBXBuildFile; fileRef = 8338177F2639AC17007A8B28 /* EveningReadingApp.swift */; };
		833817932639AC18007A8B28 /* EveningReadingApp.swift in Sources */ = {isa = PBXBuildFile; fileRef = 8338177F2639AC17007A8B28 /* EveningReadingApp.swift */; };
		833817952639AC18007A8B28 /* macOSContentView.swift in Sources */ = {isa = PBXBuildFile; fileRef = 833817802639AC17007A8B28 /* macOSContentView.swift */; };
		833817962639AC18007A8B28 /* Assets.xcassets in Resources */ = {isa = PBXBuildFile; fileRef = 833817812639AC18007A8B28 /* Assets.xcassets */; };
		833817972639AC18007A8B28 /* Assets.xcassets in Resources */ = {isa = PBXBuildFile; fileRef = 833817812639AC18007A8B28 /* Assets.xcassets */; };
		833980A4263C41CF005614E8 /* Assets.xcassets in Resources */ = {isa = PBXBuildFile; fileRef = 833980A3263C41CF005614E8 /* Assets.xcassets */; };
		833980AB263C41CF005614E8 /* EveningReading Extension.appex in Embed App Extensions */ = {isa = PBXBuildFile; fileRef = 833980AA263C41CF005614E8 /* EveningReading Extension.appex */; settings = {ATTRIBUTES = (RemoveHeadersOnCopy, ); }; };
		833980B0263C41CF005614E8 /* EveningReadingApp.swift in Sources */ = {isa = PBXBuildFile; fileRef = 833980AF263C41CF005614E8 /* EveningReadingApp.swift */; };
		833980B2263C41CF005614E8 /* watchOSContentView.swift in Sources */ = {isa = PBXBuildFile; fileRef = 833980B1263C41CF005614E8 /* watchOSContentView.swift */; };
		833980B4263C41CF005614E8 /* NotificationController.swift in Sources */ = {isa = PBXBuildFile; fileRef = 833980B3263C41CF005614E8 /* NotificationController.swift */; };
		833980B6263C41CF005614E8 /* NotificationView.swift in Sources */ = {isa = PBXBuildFile; fileRef = 833980B5263C41CF005614E8 /* NotificationView.swift */; };
		833980BA263C41D0005614E8 /* Assets.xcassets in Resources */ = {isa = PBXBuildFile; fileRef = 833980B9263C41D0005614E8 /* Assets.xcassets */; };
		833980BD263C41D0005614E8 /* Preview Assets.xcassets in Resources */ = {isa = PBXBuildFile; fileRef = 833980BC263C41D0005614E8 /* Preview Assets.xcassets */; };
		833980C2263C41D0005614E8 /* EveningReading.app in Embed Watch Content */ = {isa = PBXBuildFile; fileRef = 833980A1263C41CE005614E8 /* EveningReading.app */; settings = {ATTRIBUTES = (RemoveHeadersOnCopy, ); }; };
		833980CE263C9137005614E8 /* iPhoneContentView.swift in Sources */ = {isa = PBXBuildFile; fileRef = 833980CD263C9137005614E8 /* iPhoneContentView.swift */; };
		833980D0263C914D005614E8 /* iPadContentView.swift in Sources */ = {isa = PBXBuildFile; fileRef = 833980CF263C914D005614E8 /* iPadContentView.swift */; };
		833980D6263C9C2D005614E8 /* replylines.ttf in Resources */ = {isa = PBXBuildFile; fileRef = 833980D4263C9C2D005614E8 /* replylines.ttf */; };
		833980D7263C9C2D005614E8 /* tags.ttf in Resources */ = {isa = PBXBuildFile; fileRef = 833980D5263C9C2D005614E8 /* tags.ttf */; };
		833980D8263C9D0A005614E8 /* replylines.ttf in Resources */ = {isa = PBXBuildFile; fileRef = 833980D4263C9C2D005614E8 /* replylines.ttf */; };
		833980D9263C9D0C005614E8 /* tags.ttf in Resources */ = {isa = PBXBuildFile; fileRef = 833980D5263C9C2D005614E8 /* tags.ttf */; };
		833980DF263CAB93005614E8 /* AppSessionStore.swift in Sources */ = {isa = PBXBuildFile; fileRef = 833980DE263CAB93005614E8 /* AppSessionStore.swift */; };
		833980E0263CAB93005614E8 /* AppSessionStore.swift in Sources */ = {isa = PBXBuildFile; fileRef = 833980DE263CAB93005614E8 /* AppSessionStore.swift */; };
		833980EB263F07DC005614E8 /* HomeButton.swift in Sources */ = {isa = PBXBuildFile; fileRef = 833980EA263F07DC005614E8 /* HomeButton.swift */; };
		833980EF263F0874005614E8 /* HomeButtons.swift in Sources */ = {isa = PBXBuildFile; fileRef = 833980EE263F0874005614E8 /* HomeButtons.swift */; };
		833980F2263F08C1005614E8 /* SettingsButton.swift in Sources */ = {isa = PBXBuildFile; fileRef = 833980F1263F08C1005614E8 /* SettingsButton.swift */; };
		833980F5263F0958005614E8 /* TrendingView.swift in Sources */ = {isa = PBXBuildFile; fileRef = 833980F4263F0958005614E8 /* TrendingView.swift */; };
		833980FC263F0AF3005614E8 /* ArticlesView.swift in Sources */ = {isa = PBXBuildFile; fileRef = 833980FB263F0AF3005614E8 /* ArticlesView.swift */; };
		83398100263F0C72005614E8 /* Articles.json in Resources */ = {isa = PBXBuildFile; fileRef = 833980FE263F0C72005614E8 /* Articles.json */; };
		83398101263F0C72005614E8 /* Articles.json in Resources */ = {isa = PBXBuildFile; fileRef = 833980FE263F0C72005614E8 /* Articles.json */; };
		83398102263F0C72005614E8 /* Chat.json in Resources */ = {isa = PBXBuildFile; fileRef = 833980FF263F0C72005614E8 /* Chat.json */; };
		83398103263F0C72005614E8 /* Chat.json in Resources */ = {isa = PBXBuildFile; fileRef = 833980FF263F0C72005614E8 /* Chat.json */; };
		83398106263F0D38005614E8 /* ChatService.swift in Sources */ = {isa = PBXBuildFile; fileRef = 83398105263F0D38005614E8 /* ChatService.swift */; };
		83398107263F0D38005614E8 /* ChatService.swift in Sources */ = {isa = PBXBuildFile; fileRef = 83398105263F0D38005614E8 /* ChatService.swift */; };
		8339810A263F0F7A005614E8 /* TrendingCard.swift in Sources */ = {isa = PBXBuildFile; fileRef = 83398109263F0F7A005614E8 /* TrendingCard.swift */; };
		8339810E263F1028005614E8 /* StringExtensions.swift in Sources */ = {isa = PBXBuildFile; fileRef = 8339810D263F1028005614E8 /* StringExtensions.swift */; };
		8339810F263F1028005614E8 /* StringExtensions.swift in Sources */ = {isa = PBXBuildFile; fileRef = 8339810D263F1028005614E8 /* StringExtensions.swift */; };
		83398111263F1794005614E8 /* DateExtensions.swift in Sources */ = {isa = PBXBuildFile; fileRef = 83398110263F1794005614E8 /* DateExtensions.swift */; };
		83398112263F1794005614E8 /* DateExtensions.swift in Sources */ = {isa = PBXBuildFile; fileRef = 83398110263F1794005614E8 /* DateExtensions.swift */; };
		83398117263F250E005614E8 /* ArticleService.swift in Sources */ = {isa = PBXBuildFile; fileRef = 83398116263F250E005614E8 /* ArticleService.swift */; };
		83398118263F250E005614E8 /* ArticleService.swift in Sources */ = {isa = PBXBuildFile; fileRef = 83398116263F250E005614E8 /* ArticleService.swift */; };
		8339811A263F26CA005614E8 /* PreviewService.swift in Sources */ = {isa = PBXBuildFile; fileRef = 83398119263F26CA005614E8 /* PreviewService.swift */; };
		8339811B263F26CA005614E8 /* PreviewService.swift in Sources */ = {isa = PBXBuildFile; fileRef = 83398119263F26CA005614E8 /* PreviewService.swift */; };
		8339811E263F288D005614E8 /* ArticleCard.swift in Sources */ = {isa = PBXBuildFile; fileRef = 8339811D263F288D005614E8 /* ArticleCard.swift */; };
/* End PBXBuildFile section */

/* Begin PBXContainerItemProxy section */
		833980AC263C41CF005614E8 /* PBXContainerItemProxy */ = {
			isa = PBXContainerItemProxy;
			containerPortal = 8338177A2639AC17007A8B28 /* Project object */;
			proxyType = 1;
			remoteGlobalIDString = 833980A9263C41CF005614E8;
			remoteInfo = "EveningReading Extension";
		};
		833980C0263C41D0005614E8 /* PBXContainerItemProxy */ = {
			isa = PBXContainerItemProxy;
			containerPortal = 8338177A2639AC17007A8B28 /* Project object */;
			proxyType = 1;
			remoteGlobalIDString = 833980A0263C41CE005614E8;
			remoteInfo = EveningReading;
		};
/* End PBXContainerItemProxy section */

/* Begin PBXCopyFilesBuildPhase section */
		833980C3263C41D0005614E8 /* Embed Watch Content */ = {
			isa = PBXCopyFilesBuildPhase;
			buildActionMask = 2147483647;
			dstPath = "$(CONTENTS_FOLDER_PATH)/Watch";
			dstSubfolderSpec = 16;
			files = (
				833980C2263C41D0005614E8 /* EveningReading.app in Embed Watch Content */,
			);
			name = "Embed Watch Content";
			runOnlyForDeploymentPostprocessing = 0;
		};
		833980C6263C41D0005614E8 /* Embed App Extensions */ = {
			isa = PBXCopyFilesBuildPhase;
			buildActionMask = 2147483647;
			dstPath = "";
			dstSubfolderSpec = 13;
			files = (
				833980AB263C41CF005614E8 /* EveningReading Extension.appex in Embed App Extensions */,
			);
			name = "Embed App Extensions";
			runOnlyForDeploymentPostprocessing = 0;
		};
/* End PBXCopyFilesBuildPhase section */

/* Begin PBXFileReference section */
		8338177F2639AC17007A8B28 /* EveningReadingApp.swift */ = {isa = PBXFileReference; lastKnownFileType = sourcecode.swift; path = EveningReadingApp.swift; sourceTree = "<group>"; };
		833817802639AC17007A8B28 /* macOSContentView.swift */ = {isa = PBXFileReference; lastKnownFileType = sourcecode.swift; path = macOSContentView.swift; sourceTree = "<group>"; };
		833817812639AC18007A8B28 /* Assets.xcassets */ = {isa = PBXFileReference; lastKnownFileType = folder.assetcatalog; path = Assets.xcassets; sourceTree = "<group>"; };
		833817862639AC18007A8B28 /* EveningReading.app */ = {isa = PBXFileReference; explicitFileType = wrapper.application; includeInIndex = 0; path = EveningReading.app; sourceTree = BUILT_PRODUCTS_DIR; };
		833817892639AC18007A8B28 /* Info.plist */ = {isa = PBXFileReference; lastKnownFileType = text.plist.xml; path = Info.plist; sourceTree = "<group>"; };
		8338178E2639AC18007A8B28 /* EveningReading.app */ = {isa = PBXFileReference; explicitFileType = wrapper.application; includeInIndex = 0; path = EveningReading.app; sourceTree = BUILT_PRODUCTS_DIR; };
		833817902639AC18007A8B28 /* Info.plist */ = {isa = PBXFileReference; lastKnownFileType = text.plist.xml; path = Info.plist; sourceTree = "<group>"; };
		833817912639AC18007A8B28 /* macOS.entitlements */ = {isa = PBXFileReference; lastKnownFileType = text.plist.entitlements; path = macOS.entitlements; sourceTree = "<group>"; };
		833980A1263C41CE005614E8 /* EveningReading.app */ = {isa = PBXFileReference; explicitFileType = wrapper.application; includeInIndex = 0; path = EveningReading.app; sourceTree = BUILT_PRODUCTS_DIR; };
		833980A3263C41CF005614E8 /* Assets.xcassets */ = {isa = PBXFileReference; lastKnownFileType = folder.assetcatalog; path = Assets.xcassets; sourceTree = "<group>"; };
		833980A5263C41CF005614E8 /* Info.plist */ = {isa = PBXFileReference; lastKnownFileType = text.plist.xml; path = Info.plist; sourceTree = "<group>"; };
		833980AA263C41CF005614E8 /* EveningReading Extension.appex */ = {isa = PBXFileReference; explicitFileType = "wrapper.app-extension"; includeInIndex = 0; path = "EveningReading Extension.appex"; sourceTree = BUILT_PRODUCTS_DIR; };
		833980AF263C41CF005614E8 /* EveningReadingApp.swift */ = {isa = PBXFileReference; lastKnownFileType = sourcecode.swift; path = EveningReadingApp.swift; sourceTree = "<group>"; };
		833980B1263C41CF005614E8 /* watchOSContentView.swift */ = {isa = PBXFileReference; lastKnownFileType = sourcecode.swift; path = watchOSContentView.swift; sourceTree = "<group>"; };
		833980B3263C41CF005614E8 /* NotificationController.swift */ = {isa = PBXFileReference; lastKnownFileType = sourcecode.swift; path = NotificationController.swift; sourceTree = "<group>"; };
		833980B5263C41CF005614E8 /* NotificationView.swift */ = {isa = PBXFileReference; lastKnownFileType = sourcecode.swift; path = NotificationView.swift; sourceTree = "<group>"; };
		833980B9263C41D0005614E8 /* Assets.xcassets */ = {isa = PBXFileReference; lastKnownFileType = folder.assetcatalog; path = Assets.xcassets; sourceTree = "<group>"; };
		833980BC263C41D0005614E8 /* Preview Assets.xcassets */ = {isa = PBXFileReference; lastKnownFileType = folder.assetcatalog; path = "Preview Assets.xcassets"; sourceTree = "<group>"; };
		833980BE263C41D0005614E8 /* Info.plist */ = {isa = PBXFileReference; lastKnownFileType = text.plist.xml; path = Info.plist; sourceTree = "<group>"; };
		833980BF263C41D0005614E8 /* PushNotificationPayload.apns */ = {isa = PBXFileReference; lastKnownFileType = text; path = PushNotificationPayload.apns; sourceTree = "<group>"; };
		833980CD263C9137005614E8 /* iPhoneContentView.swift */ = {isa = PBXFileReference; lastKnownFileType = sourcecode.swift; path = iPhoneContentView.swift; sourceTree = "<group>"; };
		833980CF263C914D005614E8 /* iPadContentView.swift */ = {isa = PBXFileReference; lastKnownFileType = sourcecode.swift; path = iPadContentView.swift; sourceTree = "<group>"; };
		833980D4263C9C2D005614E8 /* replylines.ttf */ = {isa = PBXFileReference; lastKnownFileType = file; path = replylines.ttf; sourceTree = "<group>"; };
		833980D5263C9C2D005614E8 /* tags.ttf */ = {isa = PBXFileReference; lastKnownFileType = file; path = tags.ttf; sourceTree = "<group>"; };
		833980DE263CAB93005614E8 /* AppSessionStore.swift */ = {isa = PBXFileReference; lastKnownFileType = sourcecode.swift; path = AppSessionStore.swift; sourceTree = "<group>"; };
		833980EA263F07DC005614E8 /* HomeButton.swift */ = {isa = PBXFileReference; lastKnownFileType = sourcecode.swift; path = HomeButton.swift; sourceTree = "<group>"; };
		833980EE263F0874005614E8 /* HomeButtons.swift */ = {isa = PBXFileReference; lastKnownFileType = sourcecode.swift; path = HomeButtons.swift; sourceTree = "<group>"; };
		833980F1263F08C1005614E8 /* SettingsButton.swift */ = {isa = PBXFileReference; lastKnownFileType = sourcecode.swift; path = SettingsButton.swift; sourceTree = "<group>"; };
		833980F4263F0958005614E8 /* TrendingView.swift */ = {isa = PBXFileReference; lastKnownFileType = sourcecode.swift; path = TrendingView.swift; sourceTree = "<group>"; };
		833980FB263F0AF3005614E8 /* ArticlesView.swift */ = {isa = PBXFileReference; lastKnownFileType = sourcecode.swift; path = ArticlesView.swift; sourceTree = "<group>"; };
		833980FE263F0C72005614E8 /* Articles.json */ = {isa = PBXFileReference; fileEncoding = 4; lastKnownFileType = text.json; path = Articles.json; sourceTree = "<group>"; };
		833980FF263F0C72005614E8 /* Chat.json */ = {isa = PBXFileReference; fileEncoding = 4; lastKnownFileType = text.json; path = Chat.json; sourceTree = "<group>"; };
		83398105263F0D38005614E8 /* ChatService.swift */ = {isa = PBXFileReference; lastKnownFileType = sourcecode.swift; path = ChatService.swift; sourceTree = "<group>"; };
		83398109263F0F7A005614E8 /* TrendingCard.swift */ = {isa = PBXFileReference; lastKnownFileType = sourcecode.swift; path = TrendingCard.swift; sourceTree = "<group>"; };
		8339810D263F1028005614E8 /* StringExtensions.swift */ = {isa = PBXFileReference; lastKnownFileType = sourcecode.swift; path = StringExtensions.swift; sourceTree = "<group>"; };
		83398110263F1794005614E8 /* DateExtensions.swift */ = {isa = PBXFileReference; lastKnownFileType = sourcecode.swift; path = DateExtensions.swift; sourceTree = "<group>"; };
		83398116263F250E005614E8 /* ArticleService.swift */ = {isa = PBXFileReference; lastKnownFileType = sourcecode.swift; path = ArticleService.swift; sourceTree = "<group>"; };
		83398119263F26CA005614E8 /* PreviewService.swift */ = {isa = PBXFileReference; lastKnownFileType = sourcecode.swift; path = PreviewService.swift; sourceTree = "<group>"; };
		8339811D263F288D005614E8 /* ArticleCard.swift */ = {isa = PBXFileReference; lastKnownFileType = sourcecode.swift; path = ArticleCard.swift; sourceTree = "<group>"; };
/* End PBXFileReference section */

/* Begin PBXFrameworksBuildPhase section */
		833817832639AC18007A8B28 /* Frameworks */ = {
			isa = PBXFrameworksBuildPhase;
			buildActionMask = 2147483647;
			files = (
			);
			runOnlyForDeploymentPostprocessing = 0;
		};
		8338178B2639AC18007A8B28 /* Frameworks */ = {
			isa = PBXFrameworksBuildPhase;
			buildActionMask = 2147483647;
			files = (
			);
			runOnlyForDeploymentPostprocessing = 0;
		};
		833980A7263C41CF005614E8 /* Frameworks */ = {
			isa = PBXFrameworksBuildPhase;
			buildActionMask = 2147483647;
			files = (
			);
			runOnlyForDeploymentPostprocessing = 0;
		};
/* End PBXFrameworksBuildPhase section */

/* Begin PBXGroup section */
		833817792639AC17007A8B28 = {
			isa = PBXGroup;
			children = (
				833980D2263C9C0B005614E8 /* Resources */,
				833980CC263C9115005614E8 /* iPhone */,
				833980CB263C910B005614E8 /* iPad */,
				8338177E2639AC17007A8B28 /* Shared */,
				833817882639AC18007A8B28 /* iOS */,
				8338178F2639AC18007A8B28 /* macOS */,
				833980A2263C41CE005614E8 /* EveningReading */,
				833980AE263C41CF005614E8 /* EveningReading Extension */,
				833817872639AC18007A8B28 /* Products */,
			);
			sourceTree = "<group>";
		};
		8338177E2639AC17007A8B28 /* Shared */ = {
			isa = PBXGroup;
			children = (
				8339810C263F1000005614E8 /* Extensions */,
				83398104263F0D24005614E8 /* Services */,
				833980DD263CAB7D005614E8 /* Stores */,
				833980D1263C9B3D005614E8 /* Controls */,
				8338177F2639AC17007A8B28 /* EveningReadingApp.swift */,
				833817812639AC18007A8B28 /* Assets.xcassets */,
			);
			path = Shared;
			sourceTree = "<group>";
		};
		833817872639AC18007A8B28 /* Products */ = {
			isa = PBXGroup;
			children = (
				833817862639AC18007A8B28 /* EveningReading.app */,
				8338178E2639AC18007A8B28 /* EveningReading.app */,
				833980A1263C41CE005614E8 /* EveningReading.app */,
				833980AA263C41CF005614E8 /* EveningReading Extension.appex */,
			);
			name = Products;
			sourceTree = "<group>";
		};
		833817882639AC18007A8B28 /* iOS */ = {
			isa = PBXGroup;
			children = (
				833817892639AC18007A8B28 /* Info.plist */,
			);
			path = iOS;
			sourceTree = "<group>";
		};
		8338178F2639AC18007A8B28 /* macOS */ = {
			isa = PBXGroup;
			children = (
				833817802639AC17007A8B28 /* macOSContentView.swift */,
				833817902639AC18007A8B28 /* Info.plist */,
				833817912639AC18007A8B28 /* macOS.entitlements */,
			);
			path = macOS;
			sourceTree = "<group>";
		};
		833980A2263C41CE005614E8 /* EveningReading */ = {
			isa = PBXGroup;
			children = (
				833980A3263C41CF005614E8 /* Assets.xcassets */,
				833980A5263C41CF005614E8 /* Info.plist */,
			);
			path = EveningReading;
			sourceTree = "<group>";
		};
		833980AE263C41CF005614E8 /* EveningReading Extension */ = {
			isa = PBXGroup;
			children = (
				833980AF263C41CF005614E8 /* EveningReadingApp.swift */,
				833980B1263C41CF005614E8 /* watchOSContentView.swift */,
				833980B3263C41CF005614E8 /* NotificationController.swift */,
				833980B5263C41CF005614E8 /* NotificationView.swift */,
				833980B9263C41D0005614E8 /* Assets.xcassets */,
				833980BE263C41D0005614E8 /* Info.plist */,
				833980BF263C41D0005614E8 /* PushNotificationPayload.apns */,
				833980BB263C41D0005614E8 /* Preview Content */,
			);
			path = "EveningReading Extension";
			sourceTree = "<group>";
		};
		833980BB263C41D0005614E8 /* Preview Content */ = {
			isa = PBXGroup;
			children = (
				833980BC263C41D0005614E8 /* Preview Assets.xcassets */,
			);
			path = "Preview Content";
			sourceTree = "<group>";
		};
		833980CB263C910B005614E8 /* iPad */ = {
			isa = PBXGroup;
			children = (
				833980CF263C914D005614E8 /* iPadContentView.swift */,
			);
			path = iPad;
			sourceTree = "<group>";
		};
		833980CC263C9115005614E8 /* iPhone */ = {
			isa = PBXGroup;
			children = (
				833980E5263F0799005614E8 /* Controls */,
				833980ED263F0854005614E8 /* Home */,
				833980F7263F09E6005614E8 /* Chat */,
				833980F8263F0A0F005614E8 /* Inbox */,
				833980F9263F0A21005614E8 /* Search */,
				833980FA263F0A29005614E8 /* Tags */,
				833980CD263C9137005614E8 /* iPhoneContentView.swift */,
			);
			path = iPhone;
			sourceTree = "<group>";
		};
		833980D1263C9B3D005614E8 /* Controls */ = {
			isa = PBXGroup;
			children = (
			);
			path = Controls;
			sourceTree = "<group>";
		};
		833980D2263C9C0B005614E8 /* Resources */ = {
			isa = PBXGroup;
			children = (
				833980E1263CAC7A005614E8 /* Data */,
				833980D3263C9C1B005614E8 /* Fonts */,
			);
			path = Resources;
			sourceTree = "<group>";
		};
		833980D3263C9C1B005614E8 /* Fonts */ = {
			isa = PBXGroup;
			children = (
				833980D4263C9C2D005614E8 /* replylines.ttf */,
				833980D5263C9C2D005614E8 /* tags.ttf */,
			);
			path = Fonts;
			sourceTree = "<group>";
		};
		833980DD263CAB7D005614E8 /* Stores */ = {
			isa = PBXGroup;
			children = (
				833980DE263CAB93005614E8 /* AppSessionStore.swift */,
			);
			path = Stores;
			sourceTree = "<group>";
		};
		833980E1263CAC7A005614E8 /* Data */ = {
			isa = PBXGroup;
			children = (
				833980FE263F0C72005614E8 /* Articles.json */,
				833980FF263F0C72005614E8 /* Chat.json */,
			);
			path = Data;
			sourceTree = "<group>";
		};
		833980E5263F0799005614E8 /* Controls */ = {
			isa = PBXGroup;
			children = (
				8339811C263F2880005614E8 /* ArticleCard */,
				83398108263F0F52005614E8 /* TrendingCard */,
				833980E9263F07BF005614E8 /* HomeButton */,
			);
			path = Controls;
			sourceTree = "<group>";
		};
		833980E9263F07BF005614E8 /* HomeButton */ = {
			isa = PBXGroup;
			children = (
				833980EA263F07DC005614E8 /* HomeButton.swift */,
			);
			path = HomeButton;
			sourceTree = "<group>";
		};
		833980ED263F0854005614E8 /* Home */ = {
			isa = PBXGroup;
			children = (
				833980EE263F0874005614E8 /* HomeButtons.swift */,
				833980F1263F08C1005614E8 /* SettingsButton.swift */,
				833980F4263F0958005614E8 /* TrendingView.swift */,
				833980FB263F0AF3005614E8 /* ArticlesView.swift */,
			);
			path = Home;
			sourceTree = "<group>";
		};
		833980F7263F09E6005614E8 /* Chat */ = {
			isa = PBXGroup;
			children = (
			);
			path = Chat;
			sourceTree = "<group>";
		};
		833980F8263F0A0F005614E8 /* Inbox */ = {
			isa = PBXGroup;
			children = (
			);
			path = Inbox;
			sourceTree = "<group>";
		};
		833980F9263F0A21005614E8 /* Search */ = {
			isa = PBXGroup;
			children = (
			);
			path = Search;
			sourceTree = "<group>";
		};
		833980FA263F0A29005614E8 /* Tags */ = {
			isa = PBXGroup;
			children = (
			);
			path = Tags;
			sourceTree = "<group>";
		};
		83398104263F0D24005614E8 /* Services */ = {
			isa = PBXGroup;
			children = (
				83398105263F0D38005614E8 /* ChatService.swift */,
				83398116263F250E005614E8 /* ArticleService.swift */,
				83398119263F26CA005614E8 /* PreviewService.swift */,
			);
			path = Services;
			sourceTree = "<group>";
		};
		83398108263F0F52005614E8 /* TrendingCard */ = {
			isa = PBXGroup;
			children = (
				83398109263F0F7A005614E8 /* TrendingCard.swift */,
			);
			path = TrendingCard;
			sourceTree = "<group>";
		};
		8339810C263F1000005614E8 /* Extensions */ = {
			isa = PBXGroup;
			children = (
				8339810D263F1028005614E8 /* StringExtensions.swift */,
				83398110263F1794005614E8 /* DateExtensions.swift */,
			);
			path = Extensions;
			sourceTree = "<group>";
		};
		8339811C263F2880005614E8 /* ArticleCard */ = {
			isa = PBXGroup;
			children = (
				8339811D263F288D005614E8 /* ArticleCard.swift */,
			);
			path = ArticleCard;
			sourceTree = "<group>";
		};
/* End PBXGroup section */

/* Begin PBXNativeTarget section */
		833817852639AC18007A8B28 /* EveningReading (iOS) */ = {
			isa = PBXNativeTarget;
			buildConfigurationList = 8338179A2639AC18007A8B28 /* Build configuration list for PBXNativeTarget "EveningReading (iOS)" */;
			buildPhases = (
				833817822639AC18007A8B28 /* Sources */,
				833817832639AC18007A8B28 /* Frameworks */,
				833817842639AC18007A8B28 /* Resources */,
				833980C3263C41D0005614E8 /* Embed Watch Content */,
			);
			buildRules = (
			);
			dependencies = (
				833980C1263C41D0005614E8 /* PBXTargetDependency */,
			);
			name = "EveningReading (iOS)";
			productName = "EveningReading (iOS)";
			productReference = 833817862639AC18007A8B28 /* EveningReading.app */;
			productType = "com.apple.product-type.application";
		};
		8338178D2639AC18007A8B28 /* EveningReading (macOS) */ = {
			isa = PBXNativeTarget;
			buildConfigurationList = 8338179D2639AC18007A8B28 /* Build configuration list for PBXNativeTarget "EveningReading (macOS)" */;
			buildPhases = (
				8338178A2639AC18007A8B28 /* Sources */,
				8338178B2639AC18007A8B28 /* Frameworks */,
				8338178C2639AC18007A8B28 /* Resources */,
			);
			buildRules = (
			);
			dependencies = (
			);
			name = "EveningReading (macOS)";
			productName = "EveningReading (macOS)";
			productReference = 8338178E2639AC18007A8B28 /* EveningReading.app */;
			productType = "com.apple.product-type.application";
		};
		833980A0263C41CE005614E8 /* EveningReading */ = {
			isa = PBXNativeTarget;
			buildConfigurationList = 833980CA263C41D0005614E8 /* Build configuration list for PBXNativeTarget "EveningReading" */;
			buildPhases = (
				8339809F263C41CE005614E8 /* Resources */,
				833980C6263C41D0005614E8 /* Embed App Extensions */,
			);
			buildRules = (
			);
			dependencies = (
				833980AD263C41CF005614E8 /* PBXTargetDependency */,
			);
			name = EveningReading;
			productName = EveningReading;
			productReference = 833980A1263C41CE005614E8 /* EveningReading.app */;
			productType = "com.apple.product-type.application.watchapp2";
		};
		833980A9263C41CF005614E8 /* EveningReading Extension */ = {
			isa = PBXNativeTarget;
			buildConfigurationList = 833980C9263C41D0005614E8 /* Build configuration list for PBXNativeTarget "EveningReading Extension" */;
			buildPhases = (
				833980A6263C41CF005614E8 /* Sources */,
				833980A7263C41CF005614E8 /* Frameworks */,
				833980A8263C41CF005614E8 /* Resources */,
			);
			buildRules = (
			);
			dependencies = (
			);
			name = "EveningReading Extension";
			productName = "EveningReading Extension";
			productReference = 833980AA263C41CF005614E8 /* EveningReading Extension.appex */;
			productType = "com.apple.product-type.watchkit2-extension";
		};
/* End PBXNativeTarget section */

/* Begin PBXProject section */
		8338177A2639AC17007A8B28 /* Project object */ = {
			isa = PBXProject;
			attributes = {
				LastSwiftUpdateCheck = 1250;
				LastUpgradeCheck = 1250;
				TargetAttributes = {
					833817852639AC18007A8B28 = {
						CreatedOnToolsVersion = 12.5;
					};
					8338178D2639AC18007A8B28 = {
						CreatedOnToolsVersion = 12.5;
					};
					833980A0263C41CE005614E8 = {
						CreatedOnToolsVersion = 12.5;
					};
					833980A9263C41CF005614E8 = {
						CreatedOnToolsVersion = 12.5;
					};
				};
			};
			buildConfigurationList = 8338177D2639AC17007A8B28 /* Build configuration list for PBXProject "EveningReading" */;
			compatibilityVersion = "Xcode 9.3";
			developmentRegion = en;
			hasScannedForEncodings = 0;
			knownRegions = (
				en,
				Base,
			);
			mainGroup = 833817792639AC17007A8B28;
			productRefGroup = 833817872639AC18007A8B28 /* Products */;
			projectDirPath = "";
			projectRoot = "";
			targets = (
				833817852639AC18007A8B28 /* EveningReading (iOS) */,
				8338178D2639AC18007A8B28 /* EveningReading (macOS) */,
				833980A0263C41CE005614E8 /* EveningReading */,
				833980A9263C41CF005614E8 /* EveningReading Extension */,
			);
		};
/* End PBXProject section */

/* Begin PBXResourcesBuildPhase section */
		833817842639AC18007A8B28 /* Resources */ = {
			isa = PBXResourcesBuildPhase;
			buildActionMask = 2147483647;
			files = (
				83398100263F0C72005614E8 /* Articles.json in Resources */,
				83398102263F0C72005614E8 /* Chat.json in Resources */,
				833817962639AC18007A8B28 /* Assets.xcassets in Resources */,
				833980D6263C9C2D005614E8 /* replylines.ttf in Resources */,
				833980D7263C9C2D005614E8 /* tags.ttf in Resources */,
			);
			runOnlyForDeploymentPostprocessing = 0;
		};
		8338178C2639AC18007A8B28 /* Resources */ = {
			isa = PBXResourcesBuildPhase;
			buildActionMask = 2147483647;
			files = (
				83398101263F0C72005614E8 /* Articles.json in Resources */,
				83398103263F0C72005614E8 /* Chat.json in Resources */,
				833817972639AC18007A8B28 /* Assets.xcassets in Resources */,
				833980D8263C9D0A005614E8 /* replylines.ttf in Resources */,
				833980D9263C9D0C005614E8 /* tags.ttf in Resources */,
			);
			runOnlyForDeploymentPostprocessing = 0;
		};
		8339809F263C41CE005614E8 /* Resources */ = {
			isa = PBXResourcesBuildPhase;
			buildActionMask = 2147483647;
			files = (
				833980A4263C41CF005614E8 /* Assets.xcassets in Resources */,
			);
			runOnlyForDeploymentPostprocessing = 0;
		};
		833980A8263C41CF005614E8 /* Resources */ = {
			isa = PBXResourcesBuildPhase;
			buildActionMask = 2147483647;
			files = (
				833980BD263C41D0005614E8 /* Preview Assets.xcassets in Resources */,
				833980BA263C41D0005614E8 /* Assets.xcassets in Resources */,
			);
			runOnlyForDeploymentPostprocessing = 0;
		};
/* End PBXResourcesBuildPhase section */

/* Begin PBXSourcesBuildPhase section */
		833817822639AC18007A8B28 /* Sources */ = {
			isa = PBXSourcesBuildPhase;
			buildActionMask = 2147483647;
			files = (
				8339810E263F1028005614E8 /* StringExtensions.swift in Sources */,
				8339810A263F0F7A005614E8 /* TrendingCard.swift in Sources */,
				833980D0263C914D005614E8 /* iPadContentView.swift in Sources */,
				8339811A263F26CA005614E8 /* PreviewService.swift in Sources */,
				833980F2263F08C1005614E8 /* SettingsButton.swift in Sources */,
				833980CE263C9137005614E8 /* iPhoneContentView.swift in Sources */,
				83398106263F0D38005614E8 /* ChatService.swift in Sources */,
				833980FC263F0AF3005614E8 /* ArticlesView.swift in Sources */,
				833980F5263F0958005614E8 /* TrendingView.swift in Sources */,
				833980DF263CAB93005614E8 /* AppSessionStore.swift in Sources */,
				8339811E263F288D005614E8 /* ArticleCard.swift in Sources */,
				833980EB263F07DC005614E8 /* HomeButton.swift in Sources */,
				83398117263F250E005614E8 /* ArticleService.swift in Sources */,
				833980EF263F0874005614E8 /* HomeButtons.swift in Sources */,
				833817922639AC18007A8B28 /* EveningReadingApp.swift in Sources */,
				83398111263F1794005614E8 /* DateExtensions.swift in Sources */,
			);
			runOnlyForDeploymentPostprocessing = 0;
		};
		8338178A2639AC18007A8B28 /* Sources */ = {
			isa = PBXSourcesBuildPhase;
			buildActionMask = 2147483647;
			files = (
				833817952639AC18007A8B28 /* macOSContentView.swift in Sources */,
				83398118263F250E005614E8 /* ArticleService.swift in Sources */,
				8339811B263F26CA005614E8 /* PreviewService.swift in Sources */,
				83398112263F1794005614E8 /* DateExtensions.swift in Sources */,
				833980E0263CAB93005614E8 /* AppSessionStore.swift in Sources */,
				8339810F263F1028005614E8 /* StringExtensions.swift in Sources */,
				83398107263F0D38005614E8 /* ChatService.swift in Sources */,
				833817932639AC18007A8B28 /* EveningReadingApp.swift in Sources */,
			);
			runOnlyForDeploymentPostprocessing = 0;
		};
		833980A6263C41CF005614E8 /* Sources */ = {
			isa = PBXSourcesBuildPhase;
			buildActionMask = 2147483647;
			files = (
				833980B4263C41CF005614E8 /* NotificationController.swift in Sources */,
				833980B2263C41CF005614E8 /* watchOSContentView.swift in Sources */,
				833980B0263C41CF005614E8 /* EveningReadingApp.swift in Sources */,
				833980B6263C41CF005614E8 /* NotificationView.swift in Sources */,
			);
			runOnlyForDeploymentPostprocessing = 0;
		};
/* End PBXSourcesBuildPhase section */

/* Begin PBXTargetDependency section */
		833980AD263C41CF005614E8 /* PBXTargetDependency */ = {
			isa = PBXTargetDependency;
			target = 833980A9263C41CF005614E8 /* EveningReading Extension */;
			targetProxy = 833980AC263C41CF005614E8 /* PBXContainerItemProxy */;
		};
		833980C1263C41D0005614E8 /* PBXTargetDependency */ = {
			isa = PBXTargetDependency;
			target = 833980A0263C41CE005614E8 /* EveningReading */;
			targetProxy = 833980C0263C41D0005614E8 /* PBXContainerItemProxy */;
		};
/* End PBXTargetDependency section */

/* Begin XCBuildConfiguration section */
		833817982639AC18007A8B28 /* Debug */ = {
			isa = XCBuildConfiguration;
			buildSettings = {
				ALWAYS_SEARCH_USER_PATHS = NO;
				CLANG_ANALYZER_NONNULL = YES;
				CLANG_ANALYZER_NUMBER_OBJECT_CONVERSION = YES_AGGRESSIVE;
				CLANG_CXX_LANGUAGE_STANDARD = "gnu++14";
				CLANG_CXX_LIBRARY = "libc++";
				CLANG_ENABLE_MODULES = YES;
				CLANG_ENABLE_OBJC_ARC = YES;
				CLANG_ENABLE_OBJC_WEAK = YES;
				CLANG_WARN_BLOCK_CAPTURE_AUTORELEASING = YES;
				CLANG_WARN_BOOL_CONVERSION = YES;
				CLANG_WARN_COMMA = YES;
				CLANG_WARN_CONSTANT_CONVERSION = YES;
				CLANG_WARN_DEPRECATED_OBJC_IMPLEMENTATIONS = YES;
				CLANG_WARN_DIRECT_OBJC_ISA_USAGE = YES_ERROR;
				CLANG_WARN_DOCUMENTATION_COMMENTS = YES;
				CLANG_WARN_EMPTY_BODY = YES;
				CLANG_WARN_ENUM_CONVERSION = YES;
				CLANG_WARN_INFINITE_RECURSION = YES;
				CLANG_WARN_INT_CONVERSION = YES;
				CLANG_WARN_NON_LITERAL_NULL_CONVERSION = YES;
				CLANG_WARN_OBJC_IMPLICIT_RETAIN_SELF = YES;
				CLANG_WARN_OBJC_LITERAL_CONVERSION = YES;
				CLANG_WARN_OBJC_ROOT_CLASS = YES_ERROR;
				CLANG_WARN_QUOTED_INCLUDE_IN_FRAMEWORK_HEADER = YES;
				CLANG_WARN_RANGE_LOOP_ANALYSIS = YES;
				CLANG_WARN_STRICT_PROTOTYPES = YES;
				CLANG_WARN_SUSPICIOUS_MOVE = YES;
				CLANG_WARN_UNGUARDED_AVAILABILITY = YES_AGGRESSIVE;
				CLANG_WARN_UNREACHABLE_CODE = YES;
				CLANG_WARN__DUPLICATE_METHOD_MATCH = YES;
				COPY_PHASE_STRIP = NO;
				DEBUG_INFORMATION_FORMAT = dwarf;
				ENABLE_STRICT_OBJC_MSGSEND = YES;
				ENABLE_TESTABILITY = YES;
				GCC_C_LANGUAGE_STANDARD = gnu11;
				GCC_DYNAMIC_NO_PIC = NO;
				GCC_NO_COMMON_BLOCKS = YES;
				GCC_OPTIMIZATION_LEVEL = 0;
				GCC_PREPROCESSOR_DEFINITIONS = (
					"DEBUG=1",
					"$(inherited)",
				);
				GCC_WARN_64_TO_32_BIT_CONVERSION = YES;
				GCC_WARN_ABOUT_RETURN_TYPE = YES_ERROR;
				GCC_WARN_UNDECLARED_SELECTOR = YES;
				GCC_WARN_UNINITIALIZED_AUTOS = YES_AGGRESSIVE;
				GCC_WARN_UNUSED_FUNCTION = YES;
				GCC_WARN_UNUSED_VARIABLE = YES;
				MTL_ENABLE_DEBUG_INFO = INCLUDE_SOURCE;
				MTL_FAST_MATH = YES;
				ONLY_ACTIVE_ARCH = YES;
				SWIFT_ACTIVE_COMPILATION_CONDITIONS = DEBUG;
				SWIFT_OPTIMIZATION_LEVEL = "-Onone";
			};
			name = Debug;
		};
		833817992639AC18007A8B28 /* Release */ = {
			isa = XCBuildConfiguration;
			buildSettings = {
				ALWAYS_SEARCH_USER_PATHS = NO;
				CLANG_ANALYZER_NONNULL = YES;
				CLANG_ANALYZER_NUMBER_OBJECT_CONVERSION = YES_AGGRESSIVE;
				CLANG_CXX_LANGUAGE_STANDARD = "gnu++14";
				CLANG_CXX_LIBRARY = "libc++";
				CLANG_ENABLE_MODULES = YES;
				CLANG_ENABLE_OBJC_ARC = YES;
				CLANG_ENABLE_OBJC_WEAK = YES;
				CLANG_WARN_BLOCK_CAPTURE_AUTORELEASING = YES;
				CLANG_WARN_BOOL_CONVERSION = YES;
				CLANG_WARN_COMMA = YES;
				CLANG_WARN_CONSTANT_CONVERSION = YES;
				CLANG_WARN_DEPRECATED_OBJC_IMPLEMENTATIONS = YES;
				CLANG_WARN_DIRECT_OBJC_ISA_USAGE = YES_ERROR;
				CLANG_WARN_DOCUMENTATION_COMMENTS = YES;
				CLANG_WARN_EMPTY_BODY = YES;
				CLANG_WARN_ENUM_CONVERSION = YES;
				CLANG_WARN_INFINITE_RECURSION = YES;
				CLANG_WARN_INT_CONVERSION = YES;
				CLANG_WARN_NON_LITERAL_NULL_CONVERSION = YES;
				CLANG_WARN_OBJC_IMPLICIT_RETAIN_SELF = YES;
				CLANG_WARN_OBJC_LITERAL_CONVERSION = YES;
				CLANG_WARN_OBJC_ROOT_CLASS = YES_ERROR;
				CLANG_WARN_QUOTED_INCLUDE_IN_FRAMEWORK_HEADER = YES;
				CLANG_WARN_RANGE_LOOP_ANALYSIS = YES;
				CLANG_WARN_STRICT_PROTOTYPES = YES;
				CLANG_WARN_SUSPICIOUS_MOVE = YES;
				CLANG_WARN_UNGUARDED_AVAILABILITY = YES_AGGRESSIVE;
				CLANG_WARN_UNREACHABLE_CODE = YES;
				CLANG_WARN__DUPLICATE_METHOD_MATCH = YES;
				COPY_PHASE_STRIP = NO;
				DEBUG_INFORMATION_FORMAT = "dwarf-with-dsym";
				ENABLE_NS_ASSERTIONS = NO;
				ENABLE_STRICT_OBJC_MSGSEND = YES;
				GCC_C_LANGUAGE_STANDARD = gnu11;
				GCC_NO_COMMON_BLOCKS = YES;
				GCC_WARN_64_TO_32_BIT_CONVERSION = YES;
				GCC_WARN_ABOUT_RETURN_TYPE = YES_ERROR;
				GCC_WARN_UNDECLARED_SELECTOR = YES;
				GCC_WARN_UNINITIALIZED_AUTOS = YES_AGGRESSIVE;
				GCC_WARN_UNUSED_FUNCTION = YES;
				GCC_WARN_UNUSED_VARIABLE = YES;
				MTL_ENABLE_DEBUG_INFO = NO;
				MTL_FAST_MATH = YES;
				SWIFT_COMPILATION_MODE = wholemodule;
				SWIFT_OPTIMIZATION_LEVEL = "-O";
			};
			name = Release;
		};
		8338179B2639AC18007A8B28 /* Debug */ = {
			isa = XCBuildConfiguration;
			buildSettings = {
				ASSETCATALOG_COMPILER_APPICON_NAME = AppIcon;
				ASSETCATALOG_COMPILER_GLOBAL_ACCENT_COLOR_NAME = AccentColor;
				CODE_SIGN_STYLE = Automatic;
				DEVELOPMENT_TEAM = U3SY428MXR;
				ENABLE_PREVIEWS = YES;
				INFOPLIST_FILE = iOS/Info.plist;
				IPHONEOS_DEPLOYMENT_TARGET = 14.0;
				LD_RUNPATH_SEARCH_PATHS = (
					"$(inherited)",
					"@executable_path/Frameworks",
				);
				PRODUCT_BUNDLE_IDENTIFIER = com.chrishodge.eveningreading;
				PRODUCT_NAME = EveningReading;
				SDKROOT = iphoneos;
				SWIFT_VERSION = 5.0;
				TARGETED_DEVICE_FAMILY = "1,2";
			};
			name = Debug;
		};
		8338179C2639AC18007A8B28 /* Release */ = {
			isa = XCBuildConfiguration;
			buildSettings = {
				ASSETCATALOG_COMPILER_APPICON_NAME = AppIcon;
				ASSETCATALOG_COMPILER_GLOBAL_ACCENT_COLOR_NAME = AccentColor;
				CODE_SIGN_STYLE = Automatic;
				DEVELOPMENT_TEAM = U3SY428MXR;
				ENABLE_PREVIEWS = YES;
				INFOPLIST_FILE = iOS/Info.plist;
				IPHONEOS_DEPLOYMENT_TARGET = 14.0;
				LD_RUNPATH_SEARCH_PATHS = (
					"$(inherited)",
					"@executable_path/Frameworks",
				);
				PRODUCT_BUNDLE_IDENTIFIER = com.chrishodge.eveningreading;
				PRODUCT_NAME = EveningReading;
				SDKROOT = iphoneos;
				SWIFT_VERSION = 5.0;
				TARGETED_DEVICE_FAMILY = "1,2";
				VALIDATE_PRODUCT = YES;
			};
			name = Release;
		};
		8338179E2639AC18007A8B28 /* Debug */ = {
			isa = XCBuildConfiguration;
			buildSettings = {
				ASSETCATALOG_COMPILER_APPICON_NAME = AppIcon;
				ASSETCATALOG_COMPILER_GLOBAL_ACCENT_COLOR_NAME = AccentColor;
				CODE_SIGN_ENTITLEMENTS = macOS/macOS.entitlements;
				CODE_SIGN_STYLE = Automatic;
				COMBINE_HIDPI_IMAGES = YES;
				DEVELOPMENT_TEAM = U3SY428MXR;
				ENABLE_HARDENED_RUNTIME = YES;
				ENABLE_PREVIEWS = YES;
				INFOPLIST_FILE = macOS/Info.plist;
				LD_RUNPATH_SEARCH_PATHS = (
					"$(inherited)",
					"@executable_path/../Frameworks",
				);
				MACOSX_DEPLOYMENT_TARGET = 11.0;
				PRODUCT_BUNDLE_IDENTIFIER = com.chrishodge.eveningreading;
				PRODUCT_NAME = EveningReading;
				SDKROOT = macosx;
				SWIFT_VERSION = 5.0;
			};
			name = Debug;
		};
		8338179F2639AC18007A8B28 /* Release */ = {
			isa = XCBuildConfiguration;
			buildSettings = {
				ASSETCATALOG_COMPILER_APPICON_NAME = AppIcon;
				ASSETCATALOG_COMPILER_GLOBAL_ACCENT_COLOR_NAME = AccentColor;
				CODE_SIGN_ENTITLEMENTS = macOS/macOS.entitlements;
				CODE_SIGN_STYLE = Automatic;
				COMBINE_HIDPI_IMAGES = YES;
				DEVELOPMENT_TEAM = U3SY428MXR;
				ENABLE_HARDENED_RUNTIME = YES;
				ENABLE_PREVIEWS = YES;
				INFOPLIST_FILE = macOS/Info.plist;
				LD_RUNPATH_SEARCH_PATHS = (
					"$(inherited)",
					"@executable_path/../Frameworks",
				);
				MACOSX_DEPLOYMENT_TARGET = 11.0;
				PRODUCT_BUNDLE_IDENTIFIER = com.chrishodge.eveningreading;
				PRODUCT_NAME = EveningReading;
				SDKROOT = macosx;
				SWIFT_VERSION = 5.0;
			};
			name = Release;
		};
		833980C4263C41D0005614E8 /* Debug */ = {
			isa = XCBuildConfiguration;
			buildSettings = {
				ALWAYS_EMBED_SWIFT_STANDARD_LIBRARIES = YES;
				ASSETCATALOG_COMPILER_APPICON_NAME = AppIcon;
				ASSETCATALOG_COMPILER_GLOBAL_ACCENT_COLOR_NAME = AccentColor;
				CODE_SIGN_STYLE = Automatic;
				DEVELOPMENT_TEAM = U3SY428MXR;
				IBSC_MODULE = EveningReading_Extension;
				INFOPLIST_FILE = EveningReading/Info.plist;
				PRODUCT_BUNDLE_IDENTIFIER = com.chrishodge.eveningreading.watchkitapp;
				PRODUCT_NAME = "$(TARGET_NAME)";
				SDKROOT = watchos;
				SKIP_INSTALL = YES;
				SWIFT_VERSION = 5.0;
				TARGETED_DEVICE_FAMILY = 4;
				WATCHOS_DEPLOYMENT_TARGET = 7.4;
			};
			name = Debug;
		};
		833980C5263C41D0005614E8 /* Release */ = {
			isa = XCBuildConfiguration;
			buildSettings = {
				ALWAYS_EMBED_SWIFT_STANDARD_LIBRARIES = YES;
				ASSETCATALOG_COMPILER_APPICON_NAME = AppIcon;
				ASSETCATALOG_COMPILER_GLOBAL_ACCENT_COLOR_NAME = AccentColor;
				CODE_SIGN_STYLE = Automatic;
				DEVELOPMENT_TEAM = U3SY428MXR;
				IBSC_MODULE = EveningReading_Extension;
				INFOPLIST_FILE = EveningReading/Info.plist;
				PRODUCT_BUNDLE_IDENTIFIER = com.chrishodge.eveningreading.watchkitapp;
				PRODUCT_NAME = "$(TARGET_NAME)";
				SDKROOT = watchos;
				SKIP_INSTALL = YES;
				SWIFT_VERSION = 5.0;
				TARGETED_DEVICE_FAMILY = 4;
				VALIDATE_PRODUCT = YES;
				WATCHOS_DEPLOYMENT_TARGET = 7.4;
			};
			name = Release;
		};
		833980C7263C41D0005614E8 /* Debug */ = {
			isa = XCBuildConfiguration;
			buildSettings = {
				CODE_SIGN_STYLE = Automatic;
				DEVELOPMENT_ASSET_PATHS = "\"EveningReading Extension/Preview Content\"";
				DEVELOPMENT_TEAM = U3SY428MXR;
				ENABLE_PREVIEWS = YES;
				INFOPLIST_FILE = "EveningReading Extension/Info.plist";
				LD_RUNPATH_SEARCH_PATHS = (
					"$(inherited)",
					"@executable_path/Frameworks",
					"@executable_path/../../Frameworks",
				);
				PRODUCT_BUNDLE_IDENTIFIER = com.chrishodge.eveningreading.watchkitapp.watchkitextension;
				PRODUCT_NAME = "${TARGET_NAME}";
				SDKROOT = watchos;
				SKIP_INSTALL = YES;
				SWIFT_VERSION = 5.0;
				TARGETED_DEVICE_FAMILY = 4;
				WATCHOS_DEPLOYMENT_TARGET = 7.4;
			};
			name = Debug;
		};
		833980C8263C41D0005614E8 /* Release */ = {
			isa = XCBuildConfiguration;
			buildSettings = {
				CODE_SIGN_STYLE = Automatic;
				DEVELOPMENT_ASSET_PATHS = "\"EveningReading Extension/Preview Content\"";
				DEVELOPMENT_TEAM = U3SY428MXR;
				ENABLE_PREVIEWS = YES;
				INFOPLIST_FILE = "EveningReading Extension/Info.plist";
				LD_RUNPATH_SEARCH_PATHS = (
					"$(inherited)",
					"@executable_path/Frameworks",
					"@executable_path/../../Frameworks",
				);
				PRODUCT_BUNDLE_IDENTIFIER = com.chrishodge.eveningreading.watchkitapp.watchkitextension;
				PRODUCT_NAME = "${TARGET_NAME}";
				SDKROOT = watchos;
				SKIP_INSTALL = YES;
				SWIFT_VERSION = 5.0;
				TARGETED_DEVICE_FAMILY = 4;
				VALIDATE_PRODUCT = YES;
				WATCHOS_DEPLOYMENT_TARGET = 7.4;
			};
			name = Release;
		};
/* End XCBuildConfiguration section */

/* Begin XCConfigurationList section */
		8338177D2639AC17007A8B28 /* Build configuration list for PBXProject "EveningReading" */ = {
			isa = XCConfigurationList;
			buildConfigurations = (
				833817982639AC18007A8B28 /* Debug */,
				833817992639AC18007A8B28 /* Release */,
			);
			defaultConfigurationIsVisible = 0;
			defaultConfigurationName = Release;
		};
		8338179A2639AC18007A8B28 /* Build configuration list for PBXNativeTarget "EveningReading (iOS)" */ = {
			isa = XCConfigurationList;
			buildConfigurations = (
				8338179B2639AC18007A8B28 /* Debug */,
				8338179C2639AC18007A8B28 /* Release */,
			);
			defaultConfigurationIsVisible = 0;
			defaultConfigurationName = Release;
		};
		8338179D2639AC18007A8B28 /* Build configuration list for PBXNativeTarget "EveningReading (macOS)" */ = {
			isa = XCConfigurationList;
			buildConfigurations = (
				8338179E2639AC18007A8B28 /* Debug */,
				8338179F2639AC18007A8B28 /* Release */,
			);
			defaultConfigurationIsVisible = 0;
			defaultConfigurationName = Release;
		};
		833980C9263C41D0005614E8 /* Build configuration list for PBXNativeTarget "EveningReading Extension" */ = {
			isa = XCConfigurationList;
			buildConfigurations = (
				833980C7263C41D0005614E8 /* Debug */,
				833980C8263C41D0005614E8 /* Release */,
			);
			defaultConfigurationIsVisible = 0;
			defaultConfigurationName = Release;
		};
		833980CA263C41D0005614E8 /* Build configuration list for PBXNativeTarget "EveningReading" */ = {
			isa = XCConfigurationList;
			buildConfigurations = (
				833980C4263C41D0005614E8 /* Debug */,
				833980C5263C41D0005614E8 /* Release */,
			);
			defaultConfigurationIsVisible = 0;
			defaultConfigurationName = Release;
		};
/* End XCConfigurationList section */
	};
	rootObject = 8338177A2639AC17007A8B28 /* Project object */;
}
